[[package]]
name = "aoc2015_4"
version = "0.0.1"
dependencies = [
 "md5 0.3.6 (registry+https://github.com/rust-lang/crates.io-index)",
]

[[package]]
name = "md5"
version = "0.3.6"
source = "registry+https://github.com/rust-lang/crates.io-index"

[metadata]
"checksum md5 0.3.6 (registry+https://github.com/rust-lang/crates.io-index)" = "b6d9aab58e540f50b59d5cfa7f0da4c3d437476890e1e0b6206e230dce55a23c"
